{
  "name": "dia1",
  "version": "1.0.0",
  "lockfileVersion": 3,
  "requires": true,
  "packages": {
    "": {
      "name": "dia1",
      "version": "1.0.0",
      "license": "ISC",
      "dependencies": {
        "bst": "^0.0.1"
      }
    },
    "node_modules/bst": {
      "version": "0.0.1",
      "resolved": "https://registry.npmjs.org/bst/-/bst-0.0.1.tgz",
      "integrity": "sha512-iuFON3UYbg72C24FsEV1YZ7a7gDW5Y4pVRvob9wmlrSpe6vnd4lCRDE0iVG6zmbLngiITSZYd617J+Xykq+S9w==",
      "license": "MIT",
      "engines": {
        "node": ">=0.10.0"
      }
    }
  }
}
